
Microsoft Visual Studio Solution File, Format Version 12.00
# Visual Studio 2012
Project("{FAE04EC0-301F-11D3-BF4B-00C04F79EFBC}") = "LightSwitch", "LightSwitch\LightSwitch.csproj", "{C6F5BE05-0AA8-4EEF-A90B-56A33B24EEFB}"
EndProject
Project("{FAE04EC0-301F-11D3-BF4B-00C04F79EFBC}") = "LightSwitch.iOS", "iOS\LightSwitch.iOS.csproj", "{EB2DED84-CDB2-4852-A19D-3070D98D3826}"
EndProject
Project("{FAE04EC0-301F-11D3-BF4B-00C04F79EFBC}") = "LightSwitch.Droid", "Droid\LightSwitch.Droid.csproj", "{D69464C2-0451-4499-8884-EA181DC12B38}"
EndProject
Project("{D954291E-2A0B-460D-934E-DC6B0785DB48}") = "LightSwitch.iOS.Shared", "LightSwitch.iOS.Shared\LightSwitch.iOS.Shared.shproj", "{644AA102-4E26-4D6F-8796-1F2268790400}"
EndProject
Project("{FAE04EC0-301F-11D3-BF4B-00C04F79EFBC}") = "LightSwitch.UnitTests", "LightSwitch.UnitTests\LightSwitch.UnitTests.csproj", "{EBB83FAA-B240-4AAD-B5FB-41DCDED56ACF}"
EndProject
Project("{FAE04EC0-301F-11D3-BF4B-00C04F79EFBC}") = "LightSwitch.iOS.UnitTests", "LightSwitch.iOS.UnitTests\LightSwitch.iOS.UnitTests.csproj", "{F48F6ED0-315C-4D55-8DE8-1981DA1495EF}"
EndProject
Project("{D954291E-2A0B-460D-934E-DC6B0785DB48}") = "LightSwitch.Devices.UnitTests", "LightSwitch.Devices.UnitTests\LightSwitch.Devices.UnitTests.shproj", "{E12181A7-818D-452B-9899-823CB4ACFC60}"
EndProject
Global
	GlobalSection(SolutionConfigurationPlatforms) = preSolution
		Debug|Any CPU = Debug|Any CPU
		Release|Any CPU = Release|Any CPU
		Debug|iPhoneSimulator = Debug|iPhoneSimulator
		Release|iPhone = Release|iPhone
		Release|iPhoneSimulator = Release|iPhoneSimulator
		Debug|iPhone = Debug|iPhone
	EndGlobalSection
	GlobalSection(ProjectConfigurationPlatforms) = postSolution
		{C6F5BE05-0AA8-4EEF-A90B-56A33B24EEFB}.Debug|Any CPU.ActiveCfg = Debug|Any CPU
		{C6F5BE05-0AA8-4EEF-A90B-56A33B24EEFB}.Debug|Any CPU.Build.0 = Debug|Any CPU
		{C6F5BE05-0AA8-4EEF-A90B-56A33B24EEFB}.Release|Any CPU.ActiveCfg = Release|Any CPU
		{C6F5BE05-0AA8-4EEF-A90B-56A33B24EEFB}.Release|Any CPU.Build.0 = Release|Any CPU
		{C6F5BE05-0AA8-4EEF-A90B-56A33B24EEFB}.Debug|iPhoneSimulator.ActiveCfg = Debug|Any CPU
		{C6F5BE05-0AA8-4EEF-A90B-56A33B24EEFB}.Debug|iPhoneSimulator.Build.0 = Debug|Any CPU
		{C6F5BE05-0AA8-4EEF-A90B-56A33B24EEFB}.Release|iPhone.ActiveCfg = Release|Any CPU
		{C6F5BE05-0AA8-4EEF-A90B-56A33B24EEFB}.Release|iPhone.Build.0 = Release|Any CPU
		{C6F5BE05-0AA8-4EEF-A90B-56A33B24EEFB}.Release|iPhoneSimulator.ActiveCfg = Release|Any CPU
		{C6F5BE05-0AA8-4EEF-A90B-56A33B24EEFB}.Release|iPhoneSimulator.Build.0 = Release|Any CPU
		{C6F5BE05-0AA8-4EEF-A90B-56A33B24EEFB}.Debug|iPhone.ActiveCfg = Debug|Any CPU
		{C6F5BE05-0AA8-4EEF-A90B-56A33B24EEFB}.Debug|iPhone.Build.0 = Debug|Any CPU
		{EB2DED84-CDB2-4852-A19D-3070D98D3826}.Debug|Any CPU.ActiveCfg = Debug|iPhoneSimulator
		{EB2DED84-CDB2-4852-A19D-3070D98D3826}.Debug|Any CPU.Build.0 = Debug|iPhoneSimulator
		{EB2DED84-CDB2-4852-A19D-3070D98D3826}.Release|Any CPU.ActiveCfg = Release|iPhone
		{EB2DED84-CDB2-4852-A19D-3070D98D3826}.Release|Any CPU.Build.0 = Release|iPhone
		{EB2DED84-CDB2-4852-A19D-3070D98D3826}.Debug|iPhoneSimulator.ActiveCfg = Debug|iPhoneSimulator
		{EB2DED84-CDB2-4852-A19D-3070D98D3826}.Debug|iPhoneSimulator.Build.0 = Debug|iPhoneSimulator
		{EB2DED84-CDB2-4852-A19D-3070D98D3826}.Release|iPhone.ActiveCfg = Release|iPhone
		{EB2DED84-CDB2-4852-A19D-3070D98D3826}.Release|iPhone.Build.0 = Release|iPhone
		{EB2DED84-CDB2-4852-A19D-3070D98D3826}.Release|iPhoneSimulator.ActiveCfg = Release|iPhoneSimulator
		{EB2DED84-CDB2-4852-A19D-3070D98D3826}.Release|iPhoneSimulator.Build.0 = Release|iPhoneSimulator
		{EB2DED84-CDB2-4852-A19D-3070D98D3826}.Debug|iPhone.ActiveCfg = Debug|iPhone
		{EB2DED84-CDB2-4852-A19D-3070D98D3826}.Debug|iPhone.Build.0 = Debug|iPhone
		{D69464C2-0451-4499-8884-EA181DC12B38}.Debug|Any CPU.ActiveCfg = Debug|Any CPU
		{D69464C2-0451-4499-8884-EA181DC12B38}.Debug|Any CPU.Build.0 = Debug|Any CPU
		{D69464C2-0451-4499-8884-EA181DC12B38}.Release|Any CPU.ActiveCfg = Release|Any CPU
		{D69464C2-0451-4499-8884-EA181DC12B38}.Release|Any CPU.Build.0 = Release|Any CPU
		{D69464C2-0451-4499-8884-EA181DC12B38}.Debug|iPhoneSimulator.ActiveCfg = Debug|Any CPU
		{D69464C2-0451-4499-8884-EA181DC12B38}.Debug|iPhoneSimulator.Build.0 = Debug|Any CPU
		{D69464C2-0451-4499-8884-EA181DC12B38}.Release|iPhone.ActiveCfg = Release|Any CPU
		{D69464C2-0451-4499-8884-EA181DC12B38}.Release|iPhone.Build.0 = Release|Any CPU
		{D69464C2-0451-4499-8884-EA181DC12B38}.Release|iPhoneSimulator.ActiveCfg = Release|Any CPU
		{D69464C2-0451-4499-8884-EA181DC12B38}.Release|iPhoneSimulator.Build.0 = Release|Any CPU
		{D69464C2-0451-4499-8884-EA181DC12B38}.Debug|iPhone.ActiveCfg = Debug|Any CPU
		{D69464C2-0451-4499-8884-EA181DC12B38}.Debug|iPhone.Build.0 = Debug|Any CPU
		{EBB83FAA-B240-4AAD-B5FB-41DCDED56ACF}.Debug|Any CPU.ActiveCfg = Debug|Any CPU
		{EBB83FAA-B240-4AAD-B5FB-41DCDED56ACF}.Debug|Any CPU.Build.0 = Debug|Any CPU
		{EBB83FAA-B240-4AAD-B5FB-41DCDED56ACF}.Release|Any CPU.ActiveCfg = Release|Any CPU
		{EBB83FAA-B240-4AAD-B5FB-41DCDED56ACF}.Release|Any CPU.Build.0 = Release|Any CPU
		{EBB83FAA-B240-4AAD-B5FB-41DCDED56ACF}.Debug|iPhoneSimulator.ActiveCfg = Debug|Any CPU
		{EBB83FAA-B240-4AAD-B5FB-41DCDED56ACF}.Debug|iPhoneSimulator.Build.0 = Debug|Any CPU
		{EBB83FAA-B240-4AAD-B5FB-41DCDED56ACF}.Release|iPhone.ActiveCfg = Release|Any CPU
		{EBB83FAA-B240-4AAD-B5FB-41DCDED56ACF}.Release|iPhone.Build.0 = Release|Any CPU
		{EBB83FAA-B240-4AAD-B5FB-41DCDED56ACF}.Release|iPhoneSimulator.ActiveCfg = Release|Any CPU
		{EBB83FAA-B240-4AAD-B5FB-41DCDED56ACF}.Release|iPhoneSimulator.Build.0 = Release|Any CPU
		{EBB83FAA-B240-4AAD-B5FB-41DCDED56ACF}.Debug|iPhone.ActiveCfg = Debug|Any CPU
		{EBB83FAA-B240-4AAD-B5FB-41DCDED56ACF}.Debug|iPhone.Build.0 = Debug|Any CPU
		{F48F6ED0-315C-4D55-8DE8-1981DA1495EF}.Debug|Any CPU.ActiveCfg = Debug|iPhoneSimulator
		{F48F6ED0-315C-4D55-8DE8-1981DA1495EF}.Debug|Any CPU.Build.0 = Debug|iPhoneSimulator
		{F48F6ED0-315C-4D55-8DE8-1981DA1495EF}.Release|Any CPU.ActiveCfg = Release|iPhone
		{F48F6ED0-315C-4D55-8DE8-1981DA1495EF}.Release|Any CPU.Build.0 = Release|iPhone
		{F48F6ED0-315C-4D55-8DE8-1981DA1495EF}.Debug|iPhoneSimulator.ActiveCfg = Debug|iPhoneSimulator
		{F48F6ED0-315C-4D55-8DE8-1981DA1495EF}.Debug|iPhoneSimulator.Build.0 = Debug|iPhoneSimulator
		{F48F6ED0-315C-4D55-8DE8-1981DA1495EF}.Release|iPhone.ActiveCfg = Release|iPhone
		{F48F6ED0-315C-4D55-8DE8-1981DA1495EF}.Release|iPhone.Build.0 = Release|iPhone
		{F48F6ED0-315C-4D55-8DE8-1981DA1495EF}.Release|iPhoneSimulator.ActiveCfg = Release|iPhoneSimulator
		{F48F6ED0-315C-4D55-8DE8-1981DA1495EF}.Release|iPhoneSimulator.Build.0 = Release|iPhoneSimulator
		{F48F6ED0-315C-4D55-8DE8-1981DA1495EF}.Debug|iPhone.ActiveCfg = Debug|iPhone
		{F48F6ED0-315C-4D55-8DE8-1981DA1495EF}.Debug|iPhone.Build.0 = Debug|iPhone
	EndGlobalSection
EndGlobal
